<?xml version="1.0" encoding="utf-8"?>
<Project ToolsVersion="4.0" xmlns="http://schemas.microsoft.com/developer/msbuild/2003">
  <ItemGroup>
    <ClCompile Include="context.c" />
    <ClCompile Include="debugger.c" />
    <ClCompile Include="dllmain.c" />
    <ClCompile Include="toolbox.c" />
    <ClCompile Include="_bones.c" />
    <ClCompile Include="procmon.c" />
  </ItemGroup>
  <ItemGroup>
    <ClInclude Include="_bones.h" />
    <ClInclude Include="..\ntcore\ntdll.h">
      <Filter>ntcore</Filter>
    </ClInclude>
  </ItemGroup>
  <ItemGroup>
    <Filter Include="ntcore">
      <UniqueIdentifier>{5e9609a5-ac7f-4c3c-9afb-960c5850999a}</UniqueIdentifier>
    </Filter>
  </ItemGroup>
</Project>